
Microsoft Visual Studio Solution File, Format Version 12.00
# Visual Studio 15
VisualStudioVersion = 15.0.28307.329
MinimumVisualStudioVersion = 10.0.40219.1
Project("{FAE04EC0-301F-11D3-BF4B-00C04F79EFBC}") = "WebAppSignalR", "WebAppSignalR\WebAppSignalR.csproj", "{52AB79C3-B865-4D4D-8AFD-0AA6C122EF7A}"
EndProject
Global
	GlobalSection(SolutionConfigurationPlatforms) = preSolution
		Debug|Any CPU = Debug|Any CPU
		Release|Any CPU = Release|Any CPU
	EndGlobalSection
	GlobalSection(ProjectConfigurationPlatforms) = postSolution
		{52AB79C3-B865-4D4D-8AFD-0AA6C122EF7A}.Debug|Any CPU.ActiveCfg = Debug|Any CPU
		{52AB79C3-B865-4D4D-8AFD-0AA6C122EF7A}.Debug|Any CPU.Build.0 = Debug|Any CPU
		{52AB79C3-B865-4D4D-8AFD-0AA6C122EF7A}.Release|Any CPU.ActiveCfg = Release|Any CPU
		{52AB79C3-B865-4D4D-8AFD-0AA6C122EF7A}.Release|Any CPU.Build.0 = Release|Any CPU
	EndGlobalSection
	GlobalSection(SolutionProperties) = preSolution
		HideSolutionNode = FALSE
	EndGlobalSection
	GlobalSection(ExtensibilityGlobals) = postSolution
		SolutionGuid = {2641E8ED-C59F-42F8-919E-85CE1EAA2FC1}
	EndGlobalSection
EndGlobal
